// !$*UTF8*$!
{
	archiveVersion = 1;
	classes = {
	};
	objectVersion = 56;
	objects = {

/* Begin PBXBuildFile section */
		1A8FFFA32A4EFFC800330BFC /* TestPage4.swift in Sources */ = {isa = PBXBuildFile; fileRef = 1A8FFFA22A4EFFC800330BFC /* TestPage4.swift */; };
		994E2A7D2A4D27F3002931EE /* TestPage2.swift in Sources */ = {isa = PBXBuildFile; fileRef = 994E2A7C2A4D27F3002931EE /* TestPage2.swift */; };
		994E2A7F2A4D2813002931EE /* TestPage3.swift in Sources */ = {isa = PBXBuildFile; fileRef = 994E2A7E2A4D2813002931EE /* TestPage3.swift */; };
		994E2A832A4E034D002931EE /* RecipeMiddleEast.swift in Sources */ = {isa = PBXBuildFile; fileRef = 994E2A822A4E034D002931EE /* RecipeMiddleEast.swift */; };
		994E2A852A4E0781002931EE /* LandmarkMiddleEast.swift in Sources */ = {isa = PBXBuildFile; fileRef = 994E2A842A4E0781002931EE /* LandmarkMiddleEast.swift */; };
		995ADF612A4B5FCC00F5F863 /* GEOLearnApp.swift in Sources */ = {isa = PBXBuildFile; fileRef = 995ADF602A4B5FCC00F5F863 /* GEOLearnApp.swift */; };
		995ADF632A4B5FCC00F5F863 /* ContentView.swift in Sources */ = {isa = PBXBuildFile; fileRef = 995ADF622A4B5FCC00F5F863 /* ContentView.swift */; };
		995ADF652A4B5FCE00F5F863 /* Assets.xcassets in Resources */ = {isa = PBXBuildFile; fileRef = 995ADF642A4B5FCE00F5F863 /* Assets.xcassets */; };
		995ADF682A4B5FCE00F5F863 /* Preview Assets.xcassets in Resources */ = {isa = PBXBuildFile; fileRef = 995ADF672A4B5FCE00F5F863 /* Preview Assets.xcassets */; };
		BD58DF032A4CAA3400026C35 /* TestPage.swift in Sources */ = {isa = PBXBuildFile; fileRef = BD58DF022A4CAA3400026C35 /* TestPage.swift */; };
		BDC7CC062A4D48BE00304A59 /* MiddleEast.swift in Sources */ = {isa = PBXBuildFile; fileRef = BDC7CC052A4D48BD00304A59 /* MiddleEast.swift */; };
		BDC7CC082A4D48CA00304A59 /* CustomTabBar.swift in Sources */ = {isa = PBXBuildFile; fileRef = BDC7CC072A4D48CA00304A59 /* CustomTabBar.swift */; };
/* End PBXBuildFile section */

/* Begin PBXFileReference section */
		1A8FFFA22A4EFFC800330BFC /* TestPage4.swift */ = {isa = PBXFileReference; lastKnownFileType = sourcecode.swift; path = TestPage4.swift; sourceTree = "<group>"; };
		994E2A7C2A4D27F3002931EE /* TestPage2.swift */ = {isa = PBXFileReference; lastKnownFileType = sourcecode.swift; path = TestPage2.swift; sourceTree = "<group>"; };
		994E2A7E2A4D2813002931EE /* TestPage3.swift */ = {isa = PBXFileReference; lastKnownFileType = sourcecode.swift; path = TestPage3.swift; sourceTree = "<group>"; };
		994E2A822A4E034D002931EE /* RecipeMiddleEast.swift */ = {isa = PBXFileReference; lastKnownFileType = sourcecode.swift; path = RecipeMiddleEast.swift; sourceTree = "<group>"; };
		994E2A842A4E0781002931EE /* LandmarkMiddleEast.swift */ = {isa = PBXFileReference; lastKnownFileType = sourcecode.swift; path = LandmarkMiddleEast.swift; sourceTree = "<group>"; };
		995ADF5D2A4B5FCC00F5F863 /* GEOLearn.app */ = {isa = PBXFileReference; explicitFileType = wrapper.application; includeInIndex = 0; path = GEOLearn.app; sourceTree = BUILT_PRODUCTS_DIR; };
		995ADF602A4B5FCC00F5F863 /* GEOLearnApp.swift */ = {isa = PBXFileReference; lastKnownFileType = sourcecode.swift; path = GEOLearnApp.swift; sourceTree = "<group>"; };
		995ADF622A4B5FCC00F5F863 /* ContentView.swift */ = {isa = PBXFileReference; lastKnownFileType = sourcecode.swift; path = ContentView.swift; sourceTree = "<group>"; };
		995ADF642A4B5FCE00F5F863 /* Assets.xcassets */ = {isa = PBXFileReference; lastKnownFileType = folder.assetcatalog; path = Assets.xcassets; sourceTree = "<group>"; };
		995ADF672A4B5FCE00F5F863 /* Preview Assets.xcassets */ = {isa = PBXFileReference; lastKnownFileType = folder.assetcatalog; path = "Preview Assets.xcassets"; sourceTree = "<group>"; };
		BD58DF022A4CAA3400026C35 /* TestPage.swift */ = {isa = PBXFileReference; lastKnownFileType = sourcecode.swift; path = TestPage.swift; sourceTree = "<group>"; };
		BDC7CC052A4D48BD00304A59 /* MiddleEast.swift */ = {isa = PBXFileReference; lastKnownFileType = sourcecode.swift; path = MiddleEast.swift; sourceTree = "<group>"; };
		BDC7CC072A4D48CA00304A59 /* CustomTabBar.swift */ = {isa = PBXFileReference; lastKnownFileType = sourcecode.swift; path = CustomTabBar.swift; sourceTree = "<group>"; };
/* End PBXFileReference section */

/* Begin PBXFrameworksBuildPhase section */
		995ADF5A2A4B5FCC00F5F863 /* Frameworks */ = {
			isa = PBXFrameworksBuildPhase;
			buildActionMask = 2147483647;
			files = (
			);
			runOnlyForDeploymentPostprocessing = 0;
		};
/* End PBXFrameworksBuildPhase section */

/* Begin PBXGroup section */
		995ADF542A4B5FCC00F5F863 = {
			isa = PBXGroup;
			children = (
				995ADF5F2A4B5FCC00F5F863 /* GEOLearn */,
				995ADF5E2A4B5FCC00F5F863 /* Products */,
			);
			sourceTree = "<group>";
		};
		995ADF5E2A4B5FCC00F5F863 /* Products */ = {
			isa = PBXGroup;
			children = (
				995ADF5D2A4B5FCC00F5F863 /* GEOLearn.app */,
			);
			name = Products;
			sourceTree = "<group>";
		};
		995ADF5F2A4B5FCC00F5F863 /* GEOLearn */ = {
			isa = PBXGroup;
			children = (
				995ADF602A4B5FCC00F5F863 /* GEOLearnApp.swift */,
				995ADF622A4B5FCC00F5F863 /* ContentView.swift */,
				BDC7CC072A4D48CA00304A59 /* CustomTabBar.swift */,
				BDC7CC052A4D48BD00304A59 /* MiddleEast.swift */,
				994E2A822A4E034D002931EE /* RecipeMiddleEast.swift */,
				994E2A842A4E0781002931EE /* LandmarkMiddleEast.swift */,
				BD58DF022A4CAA3400026C35 /* TestPage.swift */,
				994E2A7C2A4D27F3002931EE /* TestPage2.swift */,
				994E2A7E2A4D2813002931EE /* TestPage3.swift */,
				1A8FFFA22A4EFFC800330BFC /* TestPage4.swift */,
				995ADF642A4B5FCE00F5F863 /* Assets.xcassets */,
				995ADF662A4B5FCE00F5F863 /* Preview Content */,
			);
			path = GEOLearn;
			sourceTree = "<group>";
		};
		995ADF662A4B5FCE00F5F863 /* Preview Content */ = {
			isa = PBXGroup;
			children = (
				995ADF672A4B5FCE00F5F863 /* Preview Assets.xcassets */,
			);
			path = "Preview Content";
			sourceTree = "<group>";
		};
/* End PBXGroup section */

/* Begin PBXNativeTarget section */
		995ADF5C2A4B5FCC00F5F863 /* GEOLearn */ = {
			isa = PBXNativeTarget;
			buildConfigurationList = 995ADF6B2A4B5FCE00F5F863 /* Build configuration list for PBXNativeTarget "GEOLearn" */;
			buildPhases = (
				995ADF592A4B5FCC00F5F863 /* Sources */,
				995ADF5A2A4B5FCC00F5F863 /* Frameworks */,
				995ADF5B2A4B5FCC00F5F863 /* Resources */,
			);
			buildRules = (
			);
			dependencies = (
			);
			name = GEOLearn;
			productName = GEOLearn;
			productReference = 995ADF5D2A4B5FCC00F5F863 /* GEOLearn.app */;
			productType = "com.apple.product-type.application";
		};
/* End PBXNativeTarget section */

/* Begin PBXProject section */
		995ADF552A4B5FCC00F5F863 /* Project object */ = {
			isa = PBXProject;
			attributes = {
				BuildIndependentTargetsInParallel = 1;
				LastSwiftUpdateCheck = 1430;
				LastUpgradeCheck = 1430;
				TargetAttributes = {
					995ADF5C2A4B5FCC00F5F863 = {
						CreatedOnToolsVersion = 14.3.1;
					};
				};
			};
			buildConfigurationList = 995ADF582A4B5FCC00F5F863 /* Build configuration list for PBXProject "GEOLearn" */;
			compatibilityVersion = "Xcode 14.0";
			developmentRegion = en;
			hasScannedForEncodings = 0;
			knownRegions = (
				en,
				Base,
			);
			mainGroup = 995ADF542A4B5FCC00F5F863;
			productRefGroup = 995ADF5E2A4B5FCC00F5F863 /* Products */;
			projectDirPath = "";
			projectRoot = "";
			targets = (
				995ADF5C2A4B5FCC00F5F863 /* GEOLearn */,
			);
		};
/* End PBXProject section */

/* Begin PBXResourcesBuildPhase section */
		995ADF5B2A4B5FCC00F5F863 /* Resources */ = {
			isa = PBXResourcesBuildPhase;
			buildActionMask = 2147483647;
			files = (
				995ADF682A4B5FCE00F5F863 /* Preview Assets.xcassets in Resources */,
				995ADF652A4B5FCE00F5F863 /* Assets.xcassets in Resources */,
			);
			runOnlyForDeploymentPostprocessing = 0;
		};
/* End PBXResourcesBuildPhase section */

/* Begin PBXSourcesBuildPhase section */
		995ADF592A4B5FCC00F5F863 /* Sources */ = {
			isa = PBXSourcesBuildPhase;
			buildActionMask = 2147483647;
			files = (
				995ADF632A4B5FCC00F5F863 /* ContentView.swift in Sources */,
				1A8FFFA32A4EFFC800330BFC /* TestPage4.swift in Sources */,
				994E2A852A4E0781002931EE /* LandmarkMiddleEast.swift in Sources */,
				994E2A7D2A4D27F3002931EE /* TestPage2.swift in Sources */,
				BD58DF032A4CAA3400026C35 /* TestPage.swift in Sources */,
				BDC7CC082A4D48CA00304A59 /* CustomTabBar.swift in Sources */,
				BDC7CC062A4D48BE00304A59 /* MiddleEast.swift in Sources */,
				994E2A7F2A4D2813002931EE /* TestPage3.swift in Sources */,
				995ADF612A4B5FCC00F5F863 /* GEOLearnApp.swift in Sources */,
				994E2A832A4E034D002931EE /* RecipeMiddleEast.swift in Sources */,
			);
			runOnlyForDeploymentPostprocessing = 0;
		};
/* End PBXSourcesBuildPhase section */

/* Begin XCBuildConfiguration section */
		995ADF692A4B5FCE00F5F863 /* Debug */ = {
			isa = XCBuildConfiguration;
			buildSettings = {
				ALWAYS_SEARCH_USER_PATHS = NO;
				CLANG_ANALYZER_NONNULL = YES;
				CLANG_ANALYZER_NUMBER_OBJECT_CONVERSION = YES_AGGRESSIVE;
				CLANG_CXX_LANGUAGE_STANDARD = "gnu++20";
				CLANG_ENABLE_MODULES = YES;
				CLANG_ENABLE_OBJC_ARC = YES;
				CLANG_ENABLE_OBJC_WEAK = YES;
				CLANG_WARN_BLOCK_CAPTURE_AUTORELEASING = YES;
				CLANG_WARN_BOOL_CONVERSION = YES;
				CLANG_WARN_COMMA = YES;
				CLANG_WARN_CONSTANT_CONVERSION = YES;
				CLANG_WARN_DEPRECATED_OBJC_IMPLEMENTATIONS = YES;
				CLANG_WARN_DIRECT_OBJC_ISA_USAGE = YES_ERROR;
				CLANG_WARN_DOCUMENTATION_COMMENTS = YES;
				CLANG_WARN_EMPTY_BODY = YES;
				CLANG_WARN_ENUM_CONVERSION = YES;
				CLANG_WARN_INFINITE_RECURSION = YES;
				CLANG_WARN_INT_CONVERSION = YES;
				CLANG_WARN_NON_LITERAL_NULL_CONVERSION = YES;
				CLANG_WARN_OBJC_IMPLICIT_RETAIN_SELF = YES;
				CLANG_WARN_OBJC_LITERAL_CONVERSION = YES;
				CLANG_WARN_OBJC_ROOT_CLASS = YES_ERROR;
				CLANG_WARN_QUOTED_INCLUDE_IN_FRAMEWORK_HEADER = YES;
				CLANG_WARN_RANGE_LOOP_ANALYSIS = YES;
				CLANG_WARN_STRICT_PROTOTYPES = YES;
				CLANG_WARN_SUSPICIOUS_MOVE = YES;
				CLANG_WARN_UNGUARDED_AVAILABILITY = YES_AGGRESSIVE;
				CLANG_WARN_UNREACHABLE_CODE = YES;
				CLANG_WARN__DUPLICATE_METHOD_MATCH = YES;
				COPY_PHASE_STRIP = NO;
				DEBUG_INFORMATION_FORMAT = dwarf;
				ENABLE_STRICT_OBJC_MSGSEND = YES;
				ENABLE_TESTABILITY = YES;
				GCC_C_LANGUAGE_STANDARD = gnu11;
				GCC_DYNAMIC_NO_PIC = NO;
				GCC_NO_COMMON_BLOCKS = YES;
				GCC_OPTIMIZATION_LEVEL = 0;
				GCC_PREPROCESSOR_DEFINITIONS = (
					"DEBUG=1",
					"$(inherited)",
				);
				GCC_WARN_64_TO_32_BIT_CONVERSION = YES;
				GCC_WARN_ABOUT_RETURN_TYPE = YES_ERROR;
				GCC_WARN_UNDECLARED_SELECTOR = YES;
				GCC_WARN_UNINITIALIZED_AUTOS = YES_AGGRESSIVE;
				GCC_WARN_UNUSED_FUNCTION = YES;
				GCC_WARN_UNUSED_VARIABLE = YES;
				IPHONEOS_DEPLOYMENT_TARGET = 16.4;
				MTL_ENABLE_DEBUG_INFO = INCLUDE_SOURCE;
				MTL_FAST_MATH = YES;
				ONLY_ACTIVE_ARCH = YES;
				SDKROOT = iphoneos;
				SWIFT_ACTIVE_COMPILATION_CONDITIONS = DEBUG;
				SWIFT_OPTIMIZATION_LEVEL = "-Onone";
			};
			name = Debug;
		};
		995ADF6A2A4B5FCE00F5F863 /* Release */ = {
			isa = XCBuildConfiguration;
			buildSettings = {
				ALWAYS_SEARCH_USER_PATHS = NO;
				CLANG_ANALYZER_NONNULL = YES;
				CLANG_ANALYZER_NUMBER_OBJECT_CONVERSION = YES_AGGRESSIVE;
				CLANG_CXX_LANGUAGE_STANDARD = "gnu++20";
				CLANG_ENABLE_MODULES = YES;
				CLANG_ENABLE_OBJC_ARC = YES;
				CLANG_ENABLE_OBJC_WEAK = YES;
				CLANG_WARN_BLOCK_CAPTURE_AUTORELEASING = YES;
				CLANG_WARN_BOOL_CONVERSION = YES;
				CLANG_WARN_COMMA = YES;
				CLANG_WARN_CONSTANT_CONVERSION = YES;
				CLANG_WARN_DEPRECATED_OBJC_IMPLEMENTATIONS = YES;
				CLANG_WARN_DIRECT_OBJC_ISA_USAGE = YES_ERROR;
				CLANG_WARN_DOCUMENTATION_COMMENTS = YES;
				CLANG_WARN_EMPTY_BODY = YES;
				CLANG_WARN_ENUM_CONVERSION = YES;
				CLANG_WARN_INFINITE_RECURSION = YES;
				CLANG_WARN_INT_CONVERSION = YES;
				CLANG_WARN_NON_LITERAL_NULL_CONVERSION = YES;
				CLANG_WARN_OBJC_IMPLICIT_RETAIN_SELF = YES;
				CLANG_WARN_OBJC_LITERAL_CONVERSION = YES;
				CLANG_WARN_OBJC_ROOT_CLASS = YES_ERROR;
				CLANG_WARN_QUOTED_INCLUDE_IN_FRAMEWORK_HEADER = YES;
				CLANG_WARN_RANGE_LOOP_ANALYSIS = YES;
				CLANG_WARN_STRICT_PROTOTYPES = YES;
				CLANG_WARN_SUSPICIOUS_MOVE = YES;
				CLANG_WARN_UNGUARDED_AVAILABILITY = YES_AGGRESSIVE;
				CLANG_WARN_UNREACHABLE_CODE = YES;
				CLANG_WARN__DUPLICATE_METHOD_MATCH = YES;
				COPY_PHASE_STRIP = NO;
				DEBUG_INFORMATION_FORMAT = "dwarf-with-dsym";
				ENABLE_NS_ASSERTIONS = NO;
				ENABLE_STRICT_OBJC_MSGSEND = YES;
				GCC_C_LANGUAGE_STANDARD = gnu11;
				GCC_NO_COMMON_BLOCKS = YES;
				GCC_WARN_64_TO_32_BIT_CONVERSION = YES;
				GCC_WARN_ABOUT_RETURN_TYPE = YES_ERROR;
				GCC_WARN_UNDECLARED_SELECTOR = YES;
				GCC_WARN_UNINITIALIZED_AUTOS = YES_AGGRESSIVE;
				GCC_WARN_UNUSED_FUNCTION = YES;
				GCC_WARN_UNUSED_VARIABLE = YES;
				IPHONEOS_DEPLOYMENT_TARGET = 16.4;
				MTL_ENABLE_DEBUG_INFO = NO;
				MTL_FAST_MATH = YES;
				SDKROOT = iphoneos;
				SWIFT_COMPILATION_MODE = wholemodule;
				SWIFT_OPTIMIZATION_LEVEL = "-O";
				VALIDATE_PRODUCT = YES;
			};
			name = Release;
		};
		995ADF6C2A4B5FCE00F5F863 /* Debug */ = {
			isa = XCBuildConfiguration;
			buildSettings = {
				ASSETCATALOG_COMPILER_APPICON_NAME = AppIcon;
				ASSETCATALOG_COMPILER_GLOBAL_ACCENT_COLOR_NAME = AccentColor;
				CODE_SIGN_STYLE = Automatic;
				CURRENT_PROJECT_VERSION = 1;
				DEVELOPMENT_ASSET_PATHS = "\"GEOLearn/Preview Content\"";
				DEVELOPMENT_TEAM = ABN3566CAD;
				ENABLE_PREVIEWS = YES;
				GENERATE_INFOPLIST_FILE = YES;
				INFOPLIST_KEY_UIApplicationSceneManifest_Generation = YES;
				INFOPLIST_KEY_UIApplicationSupportsIndirectInputEvents = YES;
				INFOPLIST_KEY_UILaunchScreen_Generation = YES;
				INFOPLIST_KEY_UISupportedInterfaceOrientations_iPad = "UIInterfaceOrientationPortrait UIInterfaceOrientationPortraitUpsideDown UIInterfaceOrientationLandscapeLeft UIInterfaceOrientationLandscapeRight";
				INFOPLIST_KEY_UISupportedInterfaceOrientations_iPhone = "UIInterfaceOrientationPortrait UIInterfaceOrientationLandscapeLeft UIInterfaceOrientationLandscapeRight";
				LD_RUNPATH_SEARCH_PATHS = (
					"$(inherited)",
					"@executable_path/Frameworks",
				);
				MARKETING_VERSION = 1.0;
				PRODUCT_BUNDLE_IDENTIFIER = kwk.GEOLearn;
				PRODUCT_NAME = "$(TARGET_NAME)";
				SWIFT_EMIT_LOC_STRINGS = YES;
				SWIFT_VERSION = 5.0;
				TARGETED_DEVICE_FAMILY = "1,2";
			};
			name = Debug;
		};
		995ADF6D2A4B5FCE00F5F863 /* Release */ = {
			isa = XCBuildConfiguration;
			buildSettings = {
				ASSETCATALOG_COMPILER_APPICON_NAME = AppIcon;
				ASSETCATALOG_COMPILER_GLOBAL_ACCENT_COLOR_NAME = AccentColor;
				CODE_SIGN_STYLE = Automatic;
				CURRENT_PROJECT_VERSION = 1;
				DEVELOPMENT_ASSET_PATHS = "\"GEOLearn/Preview Content\"";
				DEVELOPMENT_TEAM = ABN3566CAD;
				ENABLE_PREVIEWS = YES;
				GENERATE_INFOPLIST_FILE = YES;
				INFOPLIST_KEY_UIApplicationSceneManifest_Generation = YES;
				INFOPLIST_KEY_UIApplicationSupportsIndirectInputEvents = YES;
				INFOPLIST_KEY_UILaunchScreen_Generation = YES;
				INFOPLIST_KEY_UISupportedInterfaceOrientations_iPad = "UIInterfaceOrientationPortrait UIInterfaceOrientationPortraitUpsideDown UIInterfaceOrientationLandscapeLeft UIInterfaceOrientationLandscapeRight";
				INFOPLIST_KEY_UISupportedInterfaceOrientations_iPhone = "UIInterfaceOrientationPortrait UIInterfaceOrientationLandscapeLeft UIInterfaceOrientationLandscapeRight";
				LD_RUNPATH_SEARCH_PATHS = (
					"$(inherited)",
					"@executable_path/Frameworks",
				);
				MARKETING_VERSION = 1.0;
				PRODUCT_BUNDLE_IDENTIFIER = kwk.GEOLearn;
				PRODUCT_NAME = "$(TARGET_NAME)";
				SWIFT_EMIT_LOC_STRINGS = YES;
				SWIFT_VERSION = 5.0;
				TARGETED_DEVICE_FAMILY = "1,2";
			};
			name = Release;
		};
/* End XCBuildConfiguration section */

/* Begin XCConfigurationList section */
		995ADF582A4B5FCC00F5F863 /* Build configuration list for PBXProject "GEOLearn" */ = {
			isa = XCConfigurationList;
			buildConfigurations = (
				995ADF692A4B5FCE00F5F863 /* Debug */,
				995ADF6A2A4B5FCE00F5F863 /* Release */,
			);
			defaultConfigurationIsVisible = 0;
			defaultConfigurationName = Release;
		};
		995ADF6B2A4B5FCE00F5F863 /* Build configuration list for PBXNativeTarget "GEOLearn" */ = {
			isa = XCConfigurationList;
			buildConfigurations = (
				995ADF6C2A4B5FCE00F5F863 /* Debug */,
				995ADF6D2A4B5FCE00F5F863 /* Release */,
			);
			defaultConfigurationIsVisible = 0;
			defaultConfigurationName = Release;
		};
/* End XCConfigurationList section */
	};
	rootObject = 995ADF552A4B5FCC00F5F863 /* Project object */;
}
